<?xml version="1.0" encoding="UTF-8" standalone="yes" ?>
<CodeBlocks_project_file>
	<FileVersion major="1" minor="6" />
	<Project>
		<Option title="LiveNature" />
		<Option pch_mode="2" />
		<Option compiler="gcc" />
		<Build>
			<Target title="Debug">
				<Option output="bin/Debug/LiveNature" prefix_auto="1" extension_auto="1" />
				<Option object_output="obj/Debug/" />
				<Option type="0" />
				<Option compiler="gcc" />
				<Compiler>
					<Add option="-g" />
					<Add option="-std=c++11" />
				</Compiler>
			</Target>
			<Target title="Release">
				<Option output="bin/LiveNature" prefix_auto="1" extension_auto="1" />
				<Option object_output="obj/Release/" />
				<Option type="0" />
				<Option compiler="gcc" />
				<Compiler>
					<Add option="-O2" />
					<Add option="-std=c++11" />
				</Compiler>
				<Linker>
					<Add option="-s" />
				</Linker>
			</Target>
		</Build>
		<Compiler>
			<Add option="-Wall" />
			<Add option="-m64" />
			<Add option="-std=c++11" />
			<Add option="-DLIVINGISLAND_USE_MINIAUDIO" />
			<Add directory="include" />
			<Add directory="freeglut/include" />
		</Compiler>
		<Linker>
			<Add option="-static-libstdc++" />
			<Add option="-static-libgcc" />
			<Add option="-static" />
			<Add option="-m64" />
			<Add library="freeglut" />
			<Add library="opengl32" />
			<Add library="glu32" />
			<Add library="winmm" />
			<Add library="gdi32" />
			<Add directory="freeglut/lib/x64" />
		</Linker>
		<Unit filename="include/Application.h" />
		<Unit filename="include/AudioManager.h" />
		<Unit filename="include/Camera.h" />
		<Unit filename="include/Campfire.h" />
		<Unit filename="include/Character.h" />
		<Unit filename="include/CharacterManager.h" />
		<Unit filename="include/Config.h" />
		<Unit filename="include/Environment.h" />
		<Unit filename="include/Frustum.h" />
		<Unit filename="include/GLIncludes.h" />
		<Unit filename="include/Input.h" />
		<Unit filename="include/Lighting.h" />
		<Unit filename="include/ParticleSystem.h" />
		<Unit filename="include/Primitives.h" />
		<Unit filename="include/RenderContext.h" />
		<Unit filename="include/Sky.h" />
		<Unit filename="include/Terrain.h" />
		<Unit filename="include/Tree.h" />
		<Unit filename="include/UI.h" />
		<Unit filename="include/Utilities.h" />
		<Unit filename="include/Vegetation.h" />
		<Unit filename="include/Water.h" />
		<Unit filename="include/Weather.h" />
		<Unit filename="include/World.h" />
		<Unit filename="include/Player.h" />
		<Unit filename="include/Interaction.h" />
		<Unit filename="include/Fishing.h" />
		<Unit filename="include/Swing.h" />
		<Unit filename="include/Tent.h" />
		<Unit filename="main.cpp">
			<Option compilerVar="CXX" />
		</Unit>
		<Unit filename="src/Application.cpp">
			<Option compilerVar="CXX" />
		</Unit>
		<Unit filename="src/AudioManager.cpp">
			<Option compilerVar="CXX" />
		</Unit>
		<Unit filename="src/Camera.cpp">
			<Option compilerVar="CXX" />
		</Unit>
		<Unit filename="src/Campfire.cpp">
			<Option compilerVar="CXX" />
		</Unit>
		<Unit filename="src/Player.cpp">
			<Option compilerVar="CXX" />
		</Unit>
		<Unit filename="src/Interaction.cpp">
			<Option compilerVar="CXX" />
		</Unit>
		<Unit filename="src/Fishing.cpp">
			<Option compilerVar="CXX" />
		</Unit>
		<Unit filename="src/Swing.cpp">
			<Option compilerVar="CXX" />
		</Unit>
		<Unit filename="src/Tent.cpp">
			<Option compilerVar="CXX" />
		</Unit>
		<Unit filename="src/Character.cpp">
			<Option compilerVar="CXX" />
		</Unit>
		<Unit filename="src/CharacterManager.cpp">
			<Option compilerVar="CXX" />
		</Unit>
		<Unit filename="src/Environment.cpp">
			<Option compilerVar="CXX" />
		</Unit>
		<Unit filename="src/Frustum.cpp">
			<Option compilerVar="CXX" />
		</Unit>
		<Unit filename="src/Input.cpp">
			<Option compilerVar="CXX" />
		</Unit>
		<Unit filename="src/Lighting.cpp">
			<Option compilerVar="CXX" />
		</Unit>
		<Unit filename="src/ParticleSystem.cpp">
			<Option compilerVar="CXX" />
		</Unit>
		<Unit filename="src/Primitives.cpp">
			<Option compilerVar="CXX" />
		</Unit>
		<Unit filename="src/Sakura.cpp">
			<Option compilerVar="CPP" />
		</Unit>
		<Unit filename="src/Sky.cpp">
			<Option compilerVar="CXX" />
		</Unit>
		<Unit filename="src/Terrain.cpp">
			<Option compilerVar="CXX" />
		</Unit>
		<Unit filename="src/Tree.cpp">
			<Option compilerVar="CXX" />
		</Unit>
		<Unit filename="src/UI.cpp">
			<Option compilerVar="CXX" />
		</Unit>
		<Unit filename="src/Utilities.cpp">
			<Option compilerVar="CXX" />
		</Unit>
		<Unit filename="src/Vegetation.cpp">
			<Option compilerVar="CXX" />
		</Unit>
		<Unit filename="src/Water.cpp">
			<Option compilerVar="CXX" />
		</Unit>
		<Unit filename="src/Weather.cpp">
			<Option compilerVar="CXX" />
		</Unit>
		<Unit filename="src/World.cpp">
			<Option compilerVar="CXX" />
		</Unit>
		<Extensions>
			<lib_finder disable_auto="1" />
		</Extensions>
	</Project>
</CodeBlocks_project_file>
